
Microsoft Visual Studio Solution File, Format Version 12.00
# Visual Studio Version 17
VisualStudioVersion = 17.2.32519.379
MinimumVisualStudioVersion = 10.0.40219.1
Project("{9A19103F-16F7-4668-BE54-9A1E7A4F7556}") = "ApiOne.Tests", "ApiOne.Tests\ApiOne.Tests.csproj", "{6FE201B2-1024-4BAB-93D0-257FC497C9A2}"
EndProject
Project("{FAE04EC0-301F-11D3-BF4B-00C04F79EFBC}") = "ApiOne", "ApiOne\ApiOne.csproj", "{4547D191-BB7A-4B51-84C8-5D614322A5CA}"
EndProject
Global
	GlobalSection(SolutionConfigurationPlatforms) = preSolution
		Debug|Any CPU = Debug|Any CPU
		Release|Any CPU = Release|Any CPU
	EndGlobalSection
	GlobalSection(ProjectConfigurationPlatforms) = postSolution
		{6FE201B2-1024-4BAB-93D0-257FC497C9A2}.Debug|Any CPU.ActiveCfg = Debug|Any CPU
		{6FE201B2-1024-4BAB-93D0-257FC497C9A2}.Debug|Any CPU.Build.0 = Debug|Any CPU
		{6FE201B2-1024-4BAB-93D0-257FC497C9A2}.Release|Any CPU.ActiveCfg = Release|Any CPU
		{6FE201B2-1024-4BAB-93D0-257FC497C9A2}.Release|Any CPU.Build.0 = Release|Any CPU
		{4547D191-BB7A-4B51-84C8-5D614322A5CA}.Debug|Any CPU.ActiveCfg = Debug|Any CPU
		{4547D191-BB7A-4B51-84C8-5D614322A5CA}.Debug|Any CPU.Build.0 = Debug|Any CPU
		{4547D191-BB7A-4B51-84C8-5D614322A5CA}.Release|Any CPU.ActiveCfg = Release|Any CPU
		{4547D191-BB7A-4B51-84C8-5D614322A5CA}.Release|Any CPU.Build.0 = Release|Any CPU
	EndGlobalSection
	GlobalSection(SolutionProperties) = preSolution
		HideSolutionNode = FALSE
	EndGlobalSection
	GlobalSection(ExtensibilityGlobals) = postSolution
		SolutionGuid = {01B743F6-06FF-47C1-8903-9DFDB7153054}
	EndGlobalSection
EndGlobal
